// !$*UTF8*$!
{
	archiveVersion = 1;
	classes = {
	};
	objectVersion = 56;
	objects = {

/* Begin PBXBuildFile section */
		096F12EC29FC721900C09300 /* Ion_MacApp.swift in Sources */ = {isa = PBXBuildFile; fileRef = 096F12EB29FC721900C09300 /* Ion_MacApp.swift */; };
		096F12EE29FC721900C09300 /* ContentView.swift in Sources */ = {isa = PBXBuildFile; fileRef = 096F12ED29FC721900C09300 /* ContentView.swift */; };
		096F12F029FC721A00C09300 /* Assets.xcassets in Resources */ = {isa = PBXBuildFile; fileRef = 096F12EF29FC721A00C09300 /* Assets.xcassets */; };
		096F12F329FC721A00C09300 /* Preview Assets.xcassets in Resources */ = {isa = PBXBuildFile; fileRef = 096F12F229FC721A00C09300 /* Preview Assets.xcassets */; };
		096F12FE29FC721B00C09300 /* Ion_MacTests.swift in Sources */ = {isa = PBXBuildFile; fileRef = 096F12FD29FC721B00C09300 /* Ion_MacTests.swift */; };
		096F130829FC721B00C09300 /* Ion_MacUITests.swift in Sources */ = {isa = PBXBuildFile; fileRef = 096F130729FC721B00C09300 /* Ion_MacUITests.swift */; };
		096F130A29FC721B00C09300 /* Ion_MacUITestsLaunchTests.swift in Sources */ = {isa = PBXBuildFile; fileRef = 096F130929FC721B00C09300 /* Ion_MacUITestsLaunchTests.swift */; };
		09B1643C29FD5580003630C2 /* WebView.swift in Sources */ = {isa = PBXBuildFile; fileRef = 09B1643B29FD5580003630C2 /* WebView.swift */; };
		09B1643E29FD59AA003630C2 /* WebViewModel.swift in Sources */ = {isa = PBXBuildFile; fileRef = 09B1643D29FD59AA003630C2 /* WebViewModel.swift */; };
		09B1644029FD5AAF003630C2 /* WebViewNavigationDelagate.swift in Sources */ = {isa = PBXBuildFile; fileRef = 09B1643F29FD5AAF003630C2 /* WebViewNavigationDelagate.swift */; };
/* End PBXBuildFile section */

/* Begin PBXContainerItemProxy section */
		096F12FA29FC721B00C09300 /* PBXContainerItemProxy */ = {
			isa = PBXContainerItemProxy;
			containerPortal = 096F12E029FC721900C09300 /* Project object */;
			proxyType = 1;
			remoteGlobalIDString = 096F12E729FC721900C09300;
			remoteInfo = "Ion Mac";
		};
		096F130429FC721B00C09300 /* PBXContainerItemProxy */ = {
			isa = PBXContainerItemProxy;
			containerPortal = 096F12E029FC721900C09300 /* Project object */;
			proxyType = 1;
			remoteGlobalIDString = 096F12E729FC721900C09300;
			remoteInfo = "Ion Mac";
		};
/* End PBXContainerItemProxy section */

/* Begin PBXFileReference section */
		096F12E829FC721900C09300 /* Ion Mac.app */ = {isa = PBXFileReference; explicitFileType = wrapper.application; includeInIndex = 0; path = "Ion Mac.app"; sourceTree = BUILT_PRODUCTS_DIR; };
		096F12EB29FC721900C09300 /* Ion_MacApp.swift */ = {isa = PBXFileReference; lastKnownFileType = sourcecode.swift; path = Ion_MacApp.swift; sourceTree = "<group>"; };
		096F12ED29FC721900C09300 /* ContentView.swift */ = {isa = PBXFileReference; lastKnownFileType = sourcecode.swift; path = ContentView.swift; sourceTree = "<group>"; };
		096F12EF29FC721A00C09300 /* Assets.xcassets */ = {isa = PBXFileReference; lastKnownFileType = folder.assetcatalog; path = Assets.xcassets; sourceTree = "<group>"; };
		096F12F229FC721A00C09300 /* Preview Assets.xcassets */ = {isa = PBXFileReference; lastKnownFileType = folder.assetcatalog; path = "Preview Assets.xcassets"; sourceTree = "<group>"; };
		096F12F429FC721A00C09300 /* Ion_Mac.entitlements */ = {isa = PBXFileReference; lastKnownFileType = text.plist.entitlements; path = Ion_Mac.entitlements; sourceTree = "<group>"; };
		096F12F929FC721B00C09300 /* Ion MacTests.xctest */ = {isa = PBXFileReference; explicitFileType = wrapper.cfbundle; includeInIndex = 0; path = "Ion MacTests.xctest"; sourceTree = BUILT_PRODUCTS_DIR; };
		096F12FD29FC721B00C09300 /* Ion_MacTests.swift */ = {isa = PBXFileReference; lastKnownFileType = sourcecode.swift; path = Ion_MacTests.swift; sourceTree = "<group>"; };
		096F130329FC721B00C09300 /* Ion MacUITests.xctest */ = {isa = PBXFileReference; explicitFileType = wrapper.cfbundle; includeInIndex = 0; path = "Ion MacUITests.xctest"; sourceTree = BUILT_PRODUCTS_DIR; };
		096F130729FC721B00C09300 /* Ion_MacUITests.swift */ = {isa = PBXFileReference; lastKnownFileType = sourcecode.swift; path = Ion_MacUITests.swift; sourceTree = "<group>"; };
		096F130929FC721B00C09300 /* Ion_MacUITestsLaunchTests.swift */ = {isa = PBXFileReference; lastKnownFileType = sourcecode.swift; path = Ion_MacUITestsLaunchTests.swift; sourceTree = "<group>"; };
		09B1643B29FD5580003630C2 /* WebView.swift */ = {isa = PBXFileReference; lastKnownFileType = sourcecode.swift; path = WebView.swift; sourceTree = "<group>"; };
		09B1643D29FD59AA003630C2 /* WebViewModel.swift */ = {isa = PBXFileReference; lastKnownFileType = sourcecode.swift; path = WebViewModel.swift; sourceTree = "<group>"; };
		09B1643F29FD5AAF003630C2 /* WebViewNavigationDelagate.swift */ = {isa = PBXFileReference; lastKnownFileType = sourcecode.swift; path = WebViewNavigationDelagate.swift; sourceTree = "<group>"; };
/* End PBXFileReference section */

/* Begin PBXFrameworksBuildPhase section */
		096F12E529FC721900C09300 /* Frameworks */ = {
			isa = PBXFrameworksBuildPhase;
			buildActionMask = 2147483647;
			files = (
			);
			runOnlyForDeploymentPostprocessing = 0;
		};
		096F12F629FC721B00C09300 /* Frameworks */ = {
			isa = PBXFrameworksBuildPhase;
			buildActionMask = 2147483647;
			files = (
			);
			runOnlyForDeploymentPostprocessing = 0;
		};
		096F130029FC721B00C09300 /* Frameworks */ = {
			isa = PBXFrameworksBuildPhase;
			buildActionMask = 2147483647;
			files = (
			);
			runOnlyForDeploymentPostprocessing = 0;
		};
/* End PBXFrameworksBuildPhase section */

/* Begin PBXGroup section */
		096F12DF29FC721900C09300 = {
			isa = PBXGroup;
			children = (
				09B1643F29FD5AAF003630C2 /* WebViewNavigationDelagate.swift */,
				09B1643D29FD59AA003630C2 /* WebViewModel.swift */,
				09B1643B29FD5580003630C2 /* WebView.swift */,
				096F12EA29FC721900C09300 /* Ion Mac */,
				096F12FC29FC721B00C09300 /* Ion MacTests */,
				096F130629FC721B00C09300 /* Ion MacUITests */,
				096F12E929FC721900C09300 /* Products */,
			);
			sourceTree = "<group>";
		};
		096F12E929FC721900C09300 /* Products */ = {
			isa = PBXGroup;
			children = (
				096F12E829FC721900C09300 /* Ion Mac.app */,
				096F12F929FC721B00C09300 /* Ion MacTests.xctest */,
				096F130329FC721B00C09300 /* Ion MacUITests.xctest */,
			);
			name = Products;
			sourceTree = "<group>";
		};
		096F12EA29FC721900C09300 /* Ion Mac */ = {
			isa = PBXGroup;
			children = (
				096F12EB29FC721900C09300 /* Ion_MacApp.swift */,
				096F12ED29FC721900C09300 /* ContentView.swift */,
				096F12EF29FC721A00C09300 /* Assets.xcassets */,
				096F12F429FC721A00C09300 /* Ion_Mac.entitlements */,
				096F12F129FC721A00C09300 /* Preview Content */,
			);
			path = "Ion Mac";
			sourceTree = "<group>";
		};
		096F12F129FC721A00C09300 /* Preview Content */ = {
			isa = PBXGroup;
			children = (
				096F12F229FC721A00C09300 /* Preview Assets.xcassets */,
			);
			path = "Preview Content";
			sourceTree = "<group>";
		};
		096F12FC29FC721B00C09300 /* Ion MacTests */ = {
			isa = PBXGroup;
			children = (
				096F12FD29FC721B00C09300 /* Ion_MacTests.swift */,
			);
			path = "Ion MacTests";
			sourceTree = "<group>";
		};
		096F130629FC721B00C09300 /* Ion MacUITests */ = {
			isa = PBXGroup;
			children = (
				096F130729FC721B00C09300 /* Ion_MacUITests.swift */,
				096F130929FC721B00C09300 /* Ion_MacUITestsLaunchTests.swift */,
			);
			path = "Ion MacUITests";
			sourceTree = "<group>";
		};
/* End PBXGroup section */

/* Begin PBXNativeTarget section */
		096F12E729FC721900C09300 /* Ion Mac */ = {
			isa = PBXNativeTarget;
			buildConfigurationList = 096F130D29FC721B00C09300 /* Build configuration list for PBXNativeTarget "Ion Mac" */;
			buildPhases = (
				096F12E429FC721900C09300 /* Sources */,
				096F12E529FC721900C09300 /* Frameworks */,
				096F12E629FC721900C09300 /* Resources */,
			);
			buildRules = (
			);
			dependencies = (
			);
			name = "Ion Mac";
			productName = "Ion Mac";
			productReference = 096F12E829FC721900C09300 /* Ion Mac.app */;
			productType = "com.apple.product-type.application";
		};
		096F12F829FC721B00C09300 /* Ion MacTests */ = {
			isa = PBXNativeTarget;
			buildConfigurationList = 096F131029FC721B00C09300 /* Build configuration list for PBXNativeTarget "Ion MacTests" */;
			buildPhases = (
				096F12F529FC721B00C09300 /* Sources */,
				096F12F629FC721B00C09300 /* Frameworks */,
				096F12F729FC721B00C09300 /* Resources */,
			);
			buildRules = (
			);
			dependencies = (
				096F12FB29FC721B00C09300 /* PBXTargetDependency */,
			);
			name = "Ion MacTests";
			productName = "Ion MacTests";
			productReference = 096F12F929FC721B00C09300 /* Ion MacTests.xctest */;
			productType = "com.apple.product-type.bundle.unit-test";
		};
		096F130229FC721B00C09300 /* Ion MacUITests */ = {
			isa = PBXNativeTarget;
			buildConfigurationList = 096F131329FC721B00C09300 /* Build configuration list for PBXNativeTarget "Ion MacUITests" */;
			buildPhases = (
				096F12FF29FC721B00C09300 /* Sources */,
				096F130029FC721B00C09300 /* Frameworks */,
				096F130129FC721B00C09300 /* Resources */,
			);
			buildRules = (
			);
			dependencies = (
				096F130529FC721B00C09300 /* PBXTargetDependency */,
			);
			name = "Ion MacUITests";
			productName = "Ion MacUITests";
			productReference = 096F130329FC721B00C09300 /* Ion MacUITests.xctest */;
			productType = "com.apple.product-type.bundle.ui-testing";
		};
/* End PBXNativeTarget section */

/* Begin PBXProject section */
		096F12E029FC721900C09300 /* Project object */ = {
			isa = PBXProject;
			attributes = {
				BuildIndependentTargetsInParallel = 1;
				LastSwiftUpdateCheck = 1420;
				LastUpgradeCheck = 1420;
				TargetAttributes = {
					096F12E729FC721900C09300 = {
						CreatedOnToolsVersion = 14.2;
					};
					096F12F829FC721B00C09300 = {
						CreatedOnToolsVersion = 14.2;
						TestTargetID = 096F12E729FC721900C09300;
					};
					096F130229FC721B00C09300 = {
						CreatedOnToolsVersion = 14.2;
						TestTargetID = 096F12E729FC721900C09300;
					};
				};
			};
			buildConfigurationList = 096F12E329FC721900C09300 /* Build configuration list for PBXProject "Ion Mac" */;
			compatibilityVersion = "Xcode 14.0";
			developmentRegion = en;
			hasScannedForEncodings = 0;
			knownRegions = (
				en,
				Base,
			);
			mainGroup = 096F12DF29FC721900C09300;
			productRefGroup = 096F12E929FC721900C09300 /* Products */;
			projectDirPath = "";
			projectRoot = "";
			targets = (
				096F12E729FC721900C09300 /* Ion Mac */,
				096F12F829FC721B00C09300 /* Ion MacTests */,
				096F130229FC721B00C09300 /* Ion MacUITests */,
			);
		};
/* End PBXProject section */

/* Begin PBXResourcesBuildPhase section */
		096F12E629FC721900C09300 /* Resources */ = {
			isa = PBXResourcesBuildPhase;
			buildActionMask = 2147483647;
			files = (
				096F12F329FC721A00C09300 /* Preview Assets.xcassets in Resources */,
				096F12F029FC721A00C09300 /* Assets.xcassets in Resources */,
			);
			runOnlyForDeploymentPostprocessing = 0;
		};
		096F12F729FC721B00C09300 /* Resources */ = {
			isa = PBXResourcesBuildPhase;
			buildActionMask = 2147483647;
			files = (
			);
			runOnlyForDeploymentPostprocessing = 0;
		};
		096F130129FC721B00C09300 /* Resources */ = {
			isa = PBXResourcesBuildPhase;
			buildActionMask = 2147483647;
			files = (
			);
			runOnlyForDeploymentPostprocessing = 0;
		};
/* End PBXResourcesBuildPhase section */

/* Begin PBXSourcesBuildPhase section */
		096F12E429FC721900C09300 /* Sources */ = {
			isa = PBXSourcesBuildPhase;
			buildActionMask = 2147483647;
			files = (
				09B1644029FD5AAF003630C2 /* WebViewNavigationDelagate.swift in Sources */,
				09B1643C29FD5580003630C2 /* WebView.swift in Sources */,
				096F12EE29FC721900C09300 /* ContentView.swift in Sources */,
				096F12EC29FC721900C09300 /* Ion_MacApp.swift in Sources */,
				09B1643E29FD59AA003630C2 /* WebViewModel.swift in Sources */,
			);
			runOnlyForDeploymentPostprocessing = 0;
		};
		096F12F529FC721B00C09300 /* Sources */ = {
			isa = PBXSourcesBuildPhase;
			buildActionMask = 2147483647;
			files = (
				096F12FE29FC721B00C09300 /* Ion_MacTests.swift in Sources */,
			);
			runOnlyForDeploymentPostprocessing = 0;
		};
		096F12FF29FC721B00C09300 /* Sources */ = {
			isa = PBXSourcesBuildPhase;
			buildActionMask = 2147483647;
			files = (
				096F130829FC721B00C09300 /* Ion_MacUITests.swift in Sources */,
				096F130A29FC721B00C09300 /* Ion_MacUITestsLaunchTests.swift in Sources */,
			);
			runOnlyForDeploymentPostprocessing = 0;
		};
/* End PBXSourcesBuildPhase section */

/* Begin PBXTargetDependency section */
		096F12FB29FC721B00C09300 /* PBXTargetDependency */ = {
			isa = PBXTargetDependency;
			target = 096F12E729FC721900C09300 /* Ion Mac */;
			targetProxy = 096F12FA29FC721B00C09300 /* PBXContainerItemProxy */;
		};
		096F130529FC721B00C09300 /* PBXTargetDependency */ = {
			isa = PBXTargetDependency;
			target = 096F12E729FC721900C09300 /* Ion Mac */;
			targetProxy = 096F130429FC721B00C09300 /* PBXContainerItemProxy */;
		};
/* End PBXTargetDependency section */

/* Begin XCBuildConfiguration section */
		096F130B29FC721B00C09300 /* Debug */ = {
			isa = XCBuildConfiguration;
			buildSettings = {
				ALWAYS_SEARCH_USER_PATHS = NO;
				CLANG_ANALYZER_NONNULL = YES;
				CLANG_ANALYZER_NUMBER_OBJECT_CONVERSION = YES_AGGRESSIVE;
				CLANG_CXX_LANGUAGE_STANDARD = "gnu++20";
				CLANG_ENABLE_MODULES = YES;
				CLANG_ENABLE_OBJC_ARC = YES;
				CLANG_ENABLE_OBJC_WEAK = YES;
				CLANG_WARN_BLOCK_CAPTURE_AUTORELEASING = YES;
				CLANG_WARN_BOOL_CONVERSION = YES;
				CLANG_WARN_COMMA = YES;
				CLANG_WARN_CONSTANT_CONVERSION = YES;
				CLANG_WARN_DEPRECATED_OBJC_IMPLEMENTATIONS = YES;
				CLANG_WARN_DIRECT_OBJC_ISA_USAGE = YES_ERROR;
				CLANG_WARN_DOCUMENTATION_COMMENTS = YES;
				CLANG_WARN_EMPTY_BODY = YES;
				CLANG_WARN_ENUM_CONVERSION = YES;
				CLANG_WARN_INFINITE_RECURSION = YES;
				CLANG_WARN_INT_CONVERSION = YES;
				CLANG_WARN_NON_LITERAL_NULL_CONVERSION = YES;
				CLANG_WARN_OBJC_IMPLICIT_RETAIN_SELF = YES;
				CLANG_WARN_OBJC_LITERAL_CONVERSION = YES;
				CLANG_WARN_OBJC_ROOT_CLASS = YES_ERROR;
				CLANG_WARN_QUOTED_INCLUDE_IN_FRAMEWORK_HEADER = YES;
				CLANG_WARN_RANGE_LOOP_ANALYSIS = YES;
				CLANG_WARN_STRICT_PROTOTYPES = YES;
				CLANG_WARN_SUSPICIOUS_MOVE = YES;
				CLANG_WARN_UNGUARDED_AVAILABILITY = YES_AGGRESSIVE;
				CLANG_WARN_UNREACHABLE_CODE = YES;
				CLANG_WARN__DUPLICATE_METHOD_MATCH = YES;
				COPY_PHASE_STRIP = NO;
				DEBUG_INFORMATION_FORMAT = dwarf;
				ENABLE_STRICT_OBJC_MSGSEND = YES;
				ENABLE_TESTABILITY = YES;
				GCC_C_LANGUAGE_STANDARD = gnu11;
				GCC_DYNAMIC_NO_PIC = NO;
				GCC_NO_COMMON_BLOCKS = YES;
				GCC_OPTIMIZATION_LEVEL = 0;
				GCC_PREPROCESSOR_DEFINITIONS = (
					"DEBUG=1",
					"$(inherited)",
				);
				GCC_WARN_64_TO_32_BIT_CONVERSION = YES;
				GCC_WARN_ABOUT_RETURN_TYPE = YES_ERROR;
				GCC_WARN_UNDECLARED_SELECTOR = YES;
				GCC_WARN_UNINITIALIZED_AUTOS = YES_AGGRESSIVE;
				GCC_WARN_UNUSED_FUNCTION = YES;
				GCC_WARN_UNUSED_VARIABLE = YES;
				MACOSX_DEPLOYMENT_TARGET = 12.6;
				MTL_ENABLE_DEBUG_INFO = INCLUDE_SOURCE;
				MTL_FAST_MATH = YES;
				ONLY_ACTIVE_ARCH = YES;
				SDKROOT = macosx;
				SWIFT_ACTIVE_COMPILATION_CONDITIONS = DEBUG;
				SWIFT_OPTIMIZATION_LEVEL = "-Onone";
			};
			name = Debug;
		};
		096F130C29FC721B00C09300 /* Release */ = {
			isa = XCBuildConfiguration;
			buildSettings = {
				ALWAYS_SEARCH_USER_PATHS = NO;
				CLANG_ANALYZER_NONNULL = YES;
				CLANG_ANALYZER_NUMBER_OBJECT_CONVERSION = YES_AGGRESSIVE;
				CLANG_CXX_LANGUAGE_STANDARD = "gnu++20";
				CLANG_ENABLE_MODULES = YES;
				CLANG_ENABLE_OBJC_ARC = YES;
				CLANG_ENABLE_OBJC_WEAK = YES;
				CLANG_WARN_BLOCK_CAPTURE_AUTORELEASING = YES;
				CLANG_WARN_BOOL_CONVERSION = YES;
				CLANG_WARN_COMMA = YES;
				CLANG_WARN_CONSTANT_CONVERSION = YES;
				CLANG_WARN_DEPRECATED_OBJC_IMPLEMENTATIONS = YES;
				CLANG_WARN_DIRECT_OBJC_ISA_USAGE = YES_ERROR;
				CLANG_WARN_DOCUMENTATION_COMMENTS = YES;
				CLANG_WARN_EMPTY_BODY = YES;
				CLANG_WARN_ENUM_CONVERSION = YES;
				CLANG_WARN_INFINITE_RECURSION = YES;
				CLANG_WARN_INT_CONVERSION = YES;
				CLANG_WARN_NON_LITERAL_NULL_CONVERSION = YES;
				CLANG_WARN_OBJC_IMPLICIT_RETAIN_SELF = YES;
				CLANG_WARN_OBJC_LITERAL_CONVERSION = YES;
				CLANG_WARN_OBJC_ROOT_CLASS = YES_ERROR;
				CLANG_WARN_QUOTED_INCLUDE_IN_FRAMEWORK_HEADER = YES;
				CLANG_WARN_RANGE_LOOP_ANALYSIS = YES;
				CLANG_WARN_STRICT_PROTOTYPES = YES;
				CLANG_WARN_SUSPICIOUS_MOVE = YES;
				CLANG_WARN_UNGUARDED_AVAILABILITY = YES_AGGRESSIVE;
				CLANG_WARN_UNREACHABLE_CODE = YES;
				CLANG_WARN__DUPLICATE_METHOD_MATCH = YES;
				COPY_PHASE_STRIP = NO;
				DEBUG_INFORMATION_FORMAT = "dwarf-with-dsym";
				ENABLE_NS_ASSERTIONS = NO;
				ENABLE_STRICT_OBJC_MSGSEND = YES;
				GCC_C_LANGUAGE_STANDARD = gnu11;
				GCC_NO_COMMON_BLOCKS = YES;
				GCC_WARN_64_TO_32_BIT_CONVERSION = YES;
				GCC_WARN_ABOUT_RETURN_TYPE = YES_ERROR;
				GCC_WARN_UNDECLARED_SELECTOR = YES;
				GCC_WARN_UNINITIALIZED_AUTOS = YES_AGGRESSIVE;
				GCC_WARN_UNUSED_FUNCTION = YES;
				GCC_WARN_UNUSED_VARIABLE = YES;
				MACOSX_DEPLOYMENT_TARGET = 12.6;
				MTL_ENABLE_DEBUG_INFO = NO;
				MTL_FAST_MATH = YES;
				SDKROOT = macosx;
				SWIFT_COMPILATION_MODE = wholemodule;
				SWIFT_OPTIMIZATION_LEVEL = "-O";
			};
			name = Release;
		};
		096F130E29FC721B00C09300 /* Debug */ = {
			isa = XCBuildConfiguration;
			buildSettings = {
				ASSETCATALOG_COMPILER_APPICON_NAME = AppIcon;
				ASSETCATALOG_COMPILER_GLOBAL_ACCENT_COLOR_NAME = AccentColor;
				CODE_SIGN_ENTITLEMENTS = "Ion Mac/Ion_Mac.entitlements";
				CODE_SIGN_IDENTITY = "Apple Development";
				CODE_SIGN_STYLE = Automatic;
				COMBINE_HIDPI_IMAGES = YES;
				CURRENT_PROJECT_VERSION = 1;
				DEVELOPMENT_ASSET_PATHS = "\"Ion Mac/Preview Content\"";
				DEVELOPMENT_TEAM = 5W23635VYR;
				ENABLE_HARDENED_RUNTIME = YES;
				ENABLE_PREVIEWS = YES;
				GENERATE_INFOPLIST_FILE = YES;
				INFOPLIST_KEY_NSHumanReadableCopyright = "";
				LD_RUNPATH_SEARCH_PATHS = (
					"$(inherited)",
					"@executable_path/../Frameworks",
				);
				MARKETING_VERSION = 1.0;
				PRODUCT_BUNDLE_IDENTIFIER = "Atom.Ion-Mac";
				PRODUCT_NAME = "$(TARGET_NAME)";
				PROVISIONING_PROFILE_SPECIFIER = "";
				SUPPORTED_PLATFORMS = "iphoneos iphonesimulator macosx";
				SUPPORTS_MACCATALYST = NO;
				SUPPORTS_MAC_DESIGNED_FOR_IPHONE_IPAD = NO;
				SWIFT_EMIT_LOC_STRINGS = YES;
				SWIFT_VERSION = 5.0;
				TARGETED_DEVICE_FAMILY = 1;
			};
			name = Debug;
		};
		096F130F29FC721B00C09300 /* Release */ = {
			isa = XCBuildConfiguration;
			buildSettings = {
				ASSETCATALOG_COMPILER_APPICON_NAME = AppIcon;
				ASSETCATALOG_COMPILER_GLOBAL_ACCENT_COLOR_NAME = AccentColor;
				CODE_SIGN_ENTITLEMENTS = "Ion Mac/Ion_Mac.entitlements";
				CODE_SIGN_IDENTITY = "Apple Development";
				CODE_SIGN_STYLE = Automatic;
				COMBINE_HIDPI_IMAGES = YES;
				CURRENT_PROJECT_VERSION = 1;
				DEVELOPMENT_ASSET_PATHS = "\"Ion Mac/Preview Content\"";
				DEVELOPMENT_TEAM = 5W23635VYR;
				ENABLE_HARDENED_RUNTIME = YES;
				ENABLE_PREVIEWS = YES;
				GENERATE_INFOPLIST_FILE = YES;
				INFOPLIST_KEY_NSHumanReadableCopyright = "";
				LD_RUNPATH_SEARCH_PATHS = (
					"$(inherited)",
					"@executable_path/../Frameworks",
				);
				MARKETING_VERSION = 1.0;
				PRODUCT_BUNDLE_IDENTIFIER = "Atom.Ion-Mac";
				PRODUCT_NAME = "$(TARGET_NAME)";
				PROVISIONING_PROFILE_SPECIFIER = "";
				SUPPORTED_PLATFORMS = "iphoneos iphonesimulator macosx";
				SUPPORTS_MACCATALYST = NO;
				SUPPORTS_MAC_DESIGNED_FOR_IPHONE_IPAD = NO;
				SWIFT_EMIT_LOC_STRINGS = YES;
				SWIFT_VERSION = 5.0;
				TARGETED_DEVICE_FAMILY = 1;
			};
			name = Release;
		};
		096F131129FC721B00C09300 /* Debug */ = {
			isa = XCBuildConfiguration;
			buildSettings = {
				ALWAYS_EMBED_SWIFT_STANDARD_LIBRARIES = YES;
				BUNDLE_LOADER = "$(TEST_HOST)";
				CODE_SIGN_STYLE = Automatic;
				CURRENT_PROJECT_VERSION = 1;
				DEVELOPMENT_TEAM = 5W23635VYR;
				GENERATE_INFOPLIST_FILE = YES;
				MACOSX_DEPLOYMENT_TARGET = 12.6;
				MARKETING_VERSION = 1.0;
				PRODUCT_BUNDLE_IDENTIFIER = "Atom.Ion-MacTests";
				PRODUCT_NAME = "$(TARGET_NAME)";
				SWIFT_EMIT_LOC_STRINGS = NO;
				SWIFT_VERSION = 5.0;
				TEST_HOST = "$(BUILT_PRODUCTS_DIR)/Ion Mac.app/$(BUNDLE_EXECUTABLE_FOLDER_PATH)/Ion Mac";
			};
			name = Debug;
		};
		096F131229FC721B00C09300 /* Release */ = {
			isa = XCBuildConfiguration;
			buildSettings = {
				ALWAYS_EMBED_SWIFT_STANDARD_LIBRARIES = YES;
				BUNDLE_LOADER = "$(TEST_HOST)";
				CODE_SIGN_STYLE = Automatic;
				CURRENT_PROJECT_VERSION = 1;
				DEVELOPMENT_TEAM = 5W23635VYR;
				GENERATE_INFOPLIST_FILE = YES;
				MACOSX_DEPLOYMENT_TARGET = 12.6;
				MARKETING_VERSION = 1.0;
				PRODUCT_BUNDLE_IDENTIFIER = "Atom.Ion-MacTests";
				PRODUCT_NAME = "$(TARGET_NAME)";
				SWIFT_EMIT_LOC_STRINGS = NO;
				SWIFT_VERSION = 5.0;
				TEST_HOST = "$(BUILT_PRODUCTS_DIR)/Ion Mac.app/$(BUNDLE_EXECUTABLE_FOLDER_PATH)/Ion Mac";
			};
			name = Release;
		};
		096F131429FC721B00C09300 /* Debug */ = {
			isa = XCBuildConfiguration;
			buildSettings = {
				ALWAYS_EMBED_SWIFT_STANDARD_LIBRARIES = YES;
				CODE_SIGN_STYLE = Automatic;
				CURRENT_PROJECT_VERSION = 1;
				DEVELOPMENT_TEAM = 5W23635VYR;
				GENERATE_INFOPLIST_FILE = YES;
				MARKETING_VERSION = 1.0;
				PRODUCT_BUNDLE_IDENTIFIER = "Atom.Ion-MacUITests";
				PRODUCT_NAME = "$(TARGET_NAME)";
				SWIFT_EMIT_LOC_STRINGS = NO;
				SWIFT_VERSION = 5.0;
				TEST_TARGET_NAME = "Ion Mac";
			};
			name = Debug;
		};
		096F131529FC721B00C09300 /* Release */ = {
			isa = XCBuildConfiguration;
			buildSettings = {
				ALWAYS_EMBED_SWIFT_STANDARD_LIBRARIES = YES;
				CODE_SIGN_STYLE = Automatic;
				CURRENT_PROJECT_VERSION = 1;
				DEVELOPMENT_TEAM = 5W23635VYR;
				GENERATE_INFOPLIST_FILE = YES;
				MARKETING_VERSION = 1.0;
				PRODUCT_BUNDLE_IDENTIFIER = "Atom.Ion-MacUITests";
				PRODUCT_NAME = "$(TARGET_NAME)";
				SWIFT_EMIT_LOC_STRINGS = NO;
				SWIFT_VERSION = 5.0;
				TEST_TARGET_NAME = "Ion Mac";
			};
			name = Release;
		};
/* End XCBuildConfiguration section */

/* Begin XCConfigurationList section */
		096F12E329FC721900C09300 /* Build configuration list for PBXProject "Ion Mac" */ = {
			isa = XCConfigurationList;
			buildConfigurations = (
				096F130B29FC721B00C09300 /* Debug */,
				096F130C29FC721B00C09300 /* Release */,
			);
			defaultConfigurationIsVisible = 0;
			defaultConfigurationName = Release;
		};
		096F130D29FC721B00C09300 /* Build configuration list for PBXNativeTarget "Ion Mac" */ = {
			isa = XCConfigurationList;
			buildConfigurations = (
				096F130E29FC721B00C09300 /* Debug */,
				096F130F29FC721B00C09300 /* Release */,
			);
			defaultConfigurationIsVisible = 0;
			defaultConfigurationName = Release;
		};
		096F131029FC721B00C09300 /* Build configuration list for PBXNativeTarget "Ion MacTests" */ = {
			isa = XCConfigurationList;
			buildConfigurations = (
				096F131129FC721B00C09300 /* Debug */,
				096F131229FC721B00C09300 /* Release */,
			);
			defaultConfigurationIsVisible = 0;
			defaultConfigurationName = Release;
		};
		096F131329FC721B00C09300 /* Build configuration list for PBXNativeTarget "Ion MacUITests" */ = {
			isa = XCConfigurationList;
			buildConfigurations = (
				096F131429FC721B00C09300 /* Debug */,
				096F131529FC721B00C09300 /* Release */,
			);
			defaultConfigurationIsVisible = 0;
			defaultConfigurationName = Release;
		};
/* End XCConfigurationList section */
	};
	rootObject = 096F12E029FC721900C09300 /* Project object */;
}
